
Microsoft Visual Studio Solution File, Format Version 12.00
# Visual Studio Version 17
VisualStudioVersion = 17.2.32526.322
MinimumVisualStudioVersion = 10.0.40219.1
Project("{FAE04EC0-301F-11D3-BF4B-00C04F79EFBC}") = "FindMiddleElement", "FindMiddleElement\FindMiddleElement.csproj", "{D86C2E58-73FE-414A-A625-2A66A6E846C5}"
EndProject
Global
	GlobalSection(SolutionConfigurationPlatforms) = preSolution
		Debug|Any CPU = Debug|Any CPU
		Release|Any CPU = Release|Any CPU
	EndGlobalSection
	GlobalSection(ProjectConfigurationPlatforms) = postSolution
		{D86C2E58-73FE-414A-A625-2A66A6E846C5}.Debug|Any CPU.ActiveCfg = Debug|Any CPU
		{D86C2E58-73FE-414A-A625-2A66A6E846C5}.Debug|Any CPU.Build.0 = Debug|Any CPU
		{D86C2E58-73FE-414A-A625-2A66A6E846C5}.Release|Any CPU.ActiveCfg = Release|Any CPU
		{D86C2E58-73FE-414A-A625-2A66A6E846C5}.Release|Any CPU.Build.0 = Release|Any CPU
	EndGlobalSection
	GlobalSection(SolutionProperties) = preSolution
		HideSolutionNode = FALSE
	EndGlobalSection
	GlobalSection(ExtensibilityGlobals) = postSolution
		SolutionGuid = {44306D0E-1CC6-4B9E-94A8-5051DCCFDEA9}
	EndGlobalSection
EndGlobal
