
Microsoft Visual Studio Solution File, Format Version 12.00
# Visual Studio Version 17
VisualStudioVersion = 17.2.32526.322
MinimumVisualStudioVersion = 10.0.40219.1
Project("{FAE04EC0-301F-11D3-BF4B-00C04F79EFBC}") = "FindLuckyNumbers", "FindLuckyNumbers\FindLuckyNumbers.csproj", "{5E9636E1-C4D6-435D-9CF3-6D116EA9AAB0}"
EndProject
Global
	GlobalSection(SolutionConfigurationPlatforms) = preSolution
		Debug|Any CPU = Debug|Any CPU
		Release|Any CPU = Release|Any CPU
	EndGlobalSection
	GlobalSection(ProjectConfigurationPlatforms) = postSolution
		{5E9636E1-C4D6-435D-9CF3-6D116EA9AAB0}.Debug|Any CPU.ActiveCfg = Debug|Any CPU
		{5E9636E1-C4D6-435D-9CF3-6D116EA9AAB0}.Debug|Any CPU.Build.0 = Debug|Any CPU
		{5E9636E1-C4D6-435D-9CF3-6D116EA9AAB0}.Release|Any CPU.ActiveCfg = Release|Any CPU
		{5E9636E1-C4D6-435D-9CF3-6D116EA9AAB0}.Release|Any CPU.Build.0 = Release|Any CPU
	EndGlobalSection
	GlobalSection(SolutionProperties) = preSolution
		HideSolutionNode = FALSE
	EndGlobalSection
	GlobalSection(ExtensibilityGlobals) = postSolution
		SolutionGuid = {AE9C4260-7373-4B04-A1A2-7756D53EBC77}
	EndGlobalSection
EndGlobal
