
Microsoft Visual Studio Solution File, Format Version 12.00
# Visual Studio Version 17
VisualStudioVersion = 17.2.32526.322
MinimumVisualStudioVersion = 10.0.40219.1
Project("{FAE04EC0-301F-11D3-BF4B-00C04F79EFBC}") = "DoubleChar", "DoubleChar\DoubleChar.csproj", "{DC750BF7-0BA5-40A6-949F-E41A24D11E3D}"
EndProject
Global
	GlobalSection(SolutionConfigurationPlatforms) = preSolution
		Debug|Any CPU = Debug|Any CPU
		Release|Any CPU = Release|Any CPU
	EndGlobalSection
	GlobalSection(ProjectConfigurationPlatforms) = postSolution
		{DC750BF7-0BA5-40A6-949F-E41A24D11E3D}.Debug|Any CPU.ActiveCfg = Debug|Any CPU
		{DC750BF7-0BA5-40A6-949F-E41A24D11E3D}.Debug|Any CPU.Build.0 = Debug|Any CPU
		{DC750BF7-0BA5-40A6-949F-E41A24D11E3D}.Release|Any CPU.ActiveCfg = Release|Any CPU
		{DC750BF7-0BA5-40A6-949F-E41A24D11E3D}.Release|Any CPU.Build.0 = Release|Any CPU
	EndGlobalSection
	GlobalSection(SolutionProperties) = preSolution
		HideSolutionNode = FALSE
	EndGlobalSection
	GlobalSection(ExtensibilityGlobals) = postSolution
		SolutionGuid = {7FB6840E-8232-4905-B07F-CC276B1034ED}
	EndGlobalSection
EndGlobal
