
Microsoft Visual Studio Solution File, Format Version 12.00
# Visual Studio Version 17
VisualStudioVersion = 17.2.32526.322
MinimumVisualStudioVersion = 10.0.40219.1
Project("{FAE04EC0-301F-11D3-BF4B-00C04F79EFBC}") = "CountChars", "CountChars\CountChars.csproj", "{808108EC-209D-41ED-92E8-E108B38448CC}"
EndProject
Global
	GlobalSection(SolutionConfigurationPlatforms) = preSolution
		Debug|Any CPU = Debug|Any CPU
		Release|Any CPU = Release|Any CPU
	EndGlobalSection
	GlobalSection(ProjectConfigurationPlatforms) = postSolution
		{808108EC-209D-41ED-92E8-E108B38448CC}.Debug|Any CPU.ActiveCfg = Debug|Any CPU
		{808108EC-209D-41ED-92E8-E108B38448CC}.Debug|Any CPU.Build.0 = Debug|Any CPU
		{808108EC-209D-41ED-92E8-E108B38448CC}.Release|Any CPU.ActiveCfg = Release|Any CPU
		{808108EC-209D-41ED-92E8-E108B38448CC}.Release|Any CPU.Build.0 = Release|Any CPU
	EndGlobalSection
	GlobalSection(SolutionProperties) = preSolution
		HideSolutionNode = FALSE
	EndGlobalSection
	GlobalSection(ExtensibilityGlobals) = postSolution
		SolutionGuid = {20263B45-0D27-4BEB-899E-3AD0935CD0AD}
	EndGlobalSection
EndGlobal
