
Microsoft Visual Studio Solution File, Format Version 12.00
# Visual Studio Version 17
VisualStudioVersion = 17.2.32526.322
MinimumVisualStudioVersion = 10.0.40219.1
Project("{FAE04EC0-301F-11D3-BF4B-00C04F79EFBC}") = "GrasshopperSummation", "GrasshopperSummation\GrasshopperSummation.csproj", "{BD1D9502-A40C-4F60-A687-70C347B275F7}"
EndProject
Global
	GlobalSection(SolutionConfigurationPlatforms) = preSolution
		Debug|Any CPU = Debug|Any CPU
		Release|Any CPU = Release|Any CPU
	EndGlobalSection
	GlobalSection(ProjectConfigurationPlatforms) = postSolution
		{BD1D9502-A40C-4F60-A687-70C347B275F7}.Debug|Any CPU.ActiveCfg = Debug|Any CPU
		{BD1D9502-A40C-4F60-A687-70C347B275F7}.Debug|Any CPU.Build.0 = Debug|Any CPU
		{BD1D9502-A40C-4F60-A687-70C347B275F7}.Release|Any CPU.ActiveCfg = Release|Any CPU
		{BD1D9502-A40C-4F60-A687-70C347B275F7}.Release|Any CPU.Build.0 = Release|Any CPU
	EndGlobalSection
	GlobalSection(SolutionProperties) = preSolution
		HideSolutionNode = FALSE
	EndGlobalSection
	GlobalSection(ExtensibilityGlobals) = postSolution
		SolutionGuid = {6FAE6F6A-3805-482A-9470-57785A22E37B}
	EndGlobalSection
EndGlobal
