
Microsoft Visual Studio Solution File, Format Version 12.00
# Visual Studio Version 17
VisualStudioVersion = 17.2.32526.322
MinimumVisualStudioVersion = 10.0.40219.1
Project("{FAE04EC0-301F-11D3-BF4B-00C04F79EFBC}") = "IsItPrime", "IsItPrime\IsItPrime.csproj", "{211FDA9D-299A-4661-B27E-F124554E4F52}"
EndProject
Global
	GlobalSection(SolutionConfigurationPlatforms) = preSolution
		Debug|Any CPU = Debug|Any CPU
		Release|Any CPU = Release|Any CPU
	EndGlobalSection
	GlobalSection(ProjectConfigurationPlatforms) = postSolution
		{211FDA9D-299A-4661-B27E-F124554E4F52}.Debug|Any CPU.ActiveCfg = Debug|Any CPU
		{211FDA9D-299A-4661-B27E-F124554E4F52}.Debug|Any CPU.Build.0 = Debug|Any CPU
		{211FDA9D-299A-4661-B27E-F124554E4F52}.Release|Any CPU.ActiveCfg = Release|Any CPU
		{211FDA9D-299A-4661-B27E-F124554E4F52}.Release|Any CPU.Build.0 = Release|Any CPU
	EndGlobalSection
	GlobalSection(SolutionProperties) = preSolution
		HideSolutionNode = FALSE
	EndGlobalSection
	GlobalSection(ExtensibilityGlobals) = postSolution
		SolutionGuid = {68144246-8617-4114-B3AB-2A153E3B0F05}
	EndGlobalSection
EndGlobal
