
Microsoft Visual Studio Solution File, Format Version 12.00
# Visual Studio Version 17
VisualStudioVersion = 17.6.33815.320
MinimumVisualStudioVersion = 10.0.40219.1
Project("{FAE04EC0-301F-11D3-BF4B-00C04F79EFBC}") = "WordValues", "WordValues\WordValues.csproj", "{19215477-4050-4A71-9D79-FAF4AAD31D63}"
EndProject
Global
	GlobalSection(SolutionConfigurationPlatforms) = preSolution
		Debug|Any CPU = Debug|Any CPU
		Release|Any CPU = Release|Any CPU
	EndGlobalSection
	GlobalSection(ProjectConfigurationPlatforms) = postSolution
		{19215477-4050-4A71-9D79-FAF4AAD31D63}.Debug|Any CPU.ActiveCfg = Debug|Any CPU
		{19215477-4050-4A71-9D79-FAF4AAD31D63}.Debug|Any CPU.Build.0 = Debug|Any CPU
		{19215477-4050-4A71-9D79-FAF4AAD31D63}.Release|Any CPU.ActiveCfg = Release|Any CPU
		{19215477-4050-4A71-9D79-FAF4AAD31D63}.Release|Any CPU.Build.0 = Release|Any CPU
	EndGlobalSection
	GlobalSection(SolutionProperties) = preSolution
		HideSolutionNode = FALSE
	EndGlobalSection
	GlobalSection(ExtensibilityGlobals) = postSolution
		SolutionGuid = {6E3C3077-95E7-4C32-A45B-3ED87A8B21D6}
	EndGlobalSection
EndGlobal
