
Microsoft Visual Studio Solution File, Format Version 12.00
# Visual Studio Version 17
VisualStudioVersion = 17.6.33815.320
MinimumVisualStudioVersion = 10.0.40219.1
Project("{FAE04EC0-301F-11D3-BF4B-00C04F79EFBC}") = "getNames", "getNames\getNames.csproj", "{947046C9-9B4A-4CE0-9FD1-BB26B311CFC5}"
EndProject
Global
	GlobalSection(SolutionConfigurationPlatforms) = preSolution
		Debug|Any CPU = Debug|Any CPU
		Release|Any CPU = Release|Any CPU
	EndGlobalSection
	GlobalSection(ProjectConfigurationPlatforms) = postSolution
		{947046C9-9B4A-4CE0-9FD1-BB26B311CFC5}.Debug|Any CPU.ActiveCfg = Debug|Any CPU
		{947046C9-9B4A-4CE0-9FD1-BB26B311CFC5}.Debug|Any CPU.Build.0 = Debug|Any CPU
		{947046C9-9B4A-4CE0-9FD1-BB26B311CFC5}.Release|Any CPU.ActiveCfg = Release|Any CPU
		{947046C9-9B4A-4CE0-9FD1-BB26B311CFC5}.Release|Any CPU.Build.0 = Release|Any CPU
	EndGlobalSection
	GlobalSection(SolutionProperties) = preSolution
		HideSolutionNode = FALSE
	EndGlobalSection
	GlobalSection(ExtensibilityGlobals) = postSolution
		SolutionGuid = {AF802B72-A72B-4612-83E9-03B12AF5FD10}
	EndGlobalSection
EndGlobal
