
Microsoft Visual Studio Solution File, Format Version 12.00
# Visual Studio Version 17
VisualStudioVersion = 17.6.33815.320
MinimumVisualStudioVersion = 10.0.40219.1
Project("{FAE04EC0-301F-11D3-BF4B-00C04F79EFBC}") = "LargestElements", "LargestElements\LargestElements.csproj", "{684A48CA-9447-4059-92C0-C427AB47E0F8}"
EndProject
Global
	GlobalSection(SolutionConfigurationPlatforms) = preSolution
		Debug|Any CPU = Debug|Any CPU
		Release|Any CPU = Release|Any CPU
	EndGlobalSection
	GlobalSection(ProjectConfigurationPlatforms) = postSolution
		{684A48CA-9447-4059-92C0-C427AB47E0F8}.Debug|Any CPU.ActiveCfg = Debug|Any CPU
		{684A48CA-9447-4059-92C0-C427AB47E0F8}.Debug|Any CPU.Build.0 = Debug|Any CPU
		{684A48CA-9447-4059-92C0-C427AB47E0F8}.Release|Any CPU.ActiveCfg = Release|Any CPU
		{684A48CA-9447-4059-92C0-C427AB47E0F8}.Release|Any CPU.Build.0 = Release|Any CPU
	EndGlobalSection
	GlobalSection(SolutionProperties) = preSolution
		HideSolutionNode = FALSE
	EndGlobalSection
	GlobalSection(ExtensibilityGlobals) = postSolution
		SolutionGuid = {AACE4F10-794C-4503-8D47-4B4E76085C1B}
	EndGlobalSection
EndGlobal
