
Microsoft Visual Studio Solution File, Format Version 12.00
# Visual Studio Version 17
VisualStudioVersion = 17.2.32526.322
MinimumVisualStudioVersion = 10.0.40219.1
Project("{FAE04EC0-301F-11D3-BF4B-00C04F79EFBC}") = "SqareRootOrNot", "SqareRootOrNot\SqareRootOrNot.csproj", "{C6F73EA0-37D9-489E-ADB5-DF6A8077907C}"
EndProject
Global
	GlobalSection(SolutionConfigurationPlatforms) = preSolution
		Debug|Any CPU = Debug|Any CPU
		Release|Any CPU = Release|Any CPU
	EndGlobalSection
	GlobalSection(ProjectConfigurationPlatforms) = postSolution
		{C6F73EA0-37D9-489E-ADB5-DF6A8077907C}.Debug|Any CPU.ActiveCfg = Debug|Any CPU
		{C6F73EA0-37D9-489E-ADB5-DF6A8077907C}.Debug|Any CPU.Build.0 = Debug|Any CPU
		{C6F73EA0-37D9-489E-ADB5-DF6A8077907C}.Release|Any CPU.ActiveCfg = Release|Any CPU
		{C6F73EA0-37D9-489E-ADB5-DF6A8077907C}.Release|Any CPU.Build.0 = Release|Any CPU
	EndGlobalSection
	GlobalSection(SolutionProperties) = preSolution
		HideSolutionNode = FALSE
	EndGlobalSection
	GlobalSection(ExtensibilityGlobals) = postSolution
		SolutionGuid = {A0C21212-697A-497A-8492-E5CD4090E7BD}
	EndGlobalSection
EndGlobal
