
Microsoft Visual Studio Solution File, Format Version 12.00
# Visual Studio Version 17
VisualStudioVersion = 17.2.32526.322
MinimumVisualStudioVersion = 10.0.40219.1
Project("{FAE04EC0-301F-11D3-BF4B-00C04F79EFBC}") = "GradeBook", "GradeBook\GradeBook.csproj", "{6152233B-D2E1-4377-A0DA-6F6DB5FD7758}"
EndProject
Global
	GlobalSection(SolutionConfigurationPlatforms) = preSolution
		Debug|Any CPU = Debug|Any CPU
		Release|Any CPU = Release|Any CPU
	EndGlobalSection
	GlobalSection(ProjectConfigurationPlatforms) = postSolution
		{6152233B-D2E1-4377-A0DA-6F6DB5FD7758}.Debug|Any CPU.ActiveCfg = Debug|Any CPU
		{6152233B-D2E1-4377-A0DA-6F6DB5FD7758}.Debug|Any CPU.Build.0 = Debug|Any CPU
		{6152233B-D2E1-4377-A0DA-6F6DB5FD7758}.Release|Any CPU.ActiveCfg = Release|Any CPU
		{6152233B-D2E1-4377-A0DA-6F6DB5FD7758}.Release|Any CPU.Build.0 = Release|Any CPU
	EndGlobalSection
	GlobalSection(SolutionProperties) = preSolution
		HideSolutionNode = FALSE
	EndGlobalSection
	GlobalSection(ExtensibilityGlobals) = postSolution
		SolutionGuid = {9896457E-8AED-4730-826F-6B47B187FBA5}
	EndGlobalSection
EndGlobal
