
Microsoft Visual Studio Solution File, Format Version 12.00
# Visual Studio Version 17
VisualStudioVersion = 17.2.32526.322
MinimumVisualStudioVersion = 10.0.40219.1
Project("{FAE04EC0-301F-11D3-BF4B-00C04F79EFBC}") = "FactorialUpANotch", "FactorialUpANotch\FactorialUpANotch.csproj", "{6A02A163-FDAB-41F3-92D8-2FAFA82F5D3B}"
EndProject
Global
	GlobalSection(SolutionConfigurationPlatforms) = preSolution
		Debug|Any CPU = Debug|Any CPU
		Release|Any CPU = Release|Any CPU
	EndGlobalSection
	GlobalSection(ProjectConfigurationPlatforms) = postSolution
		{6A02A163-FDAB-41F3-92D8-2FAFA82F5D3B}.Debug|Any CPU.ActiveCfg = Debug|Any CPU
		{6A02A163-FDAB-41F3-92D8-2FAFA82F5D3B}.Debug|Any CPU.Build.0 = Debug|Any CPU
		{6A02A163-FDAB-41F3-92D8-2FAFA82F5D3B}.Release|Any CPU.ActiveCfg = Release|Any CPU
		{6A02A163-FDAB-41F3-92D8-2FAFA82F5D3B}.Release|Any CPU.Build.0 = Release|Any CPU
	EndGlobalSection
	GlobalSection(SolutionProperties) = preSolution
		HideSolutionNode = FALSE
	EndGlobalSection
	GlobalSection(ExtensibilityGlobals) = postSolution
		SolutionGuid = {5FDC7B5D-F111-4C53-9724-16F7400A80DE}
	EndGlobalSection
EndGlobal
