
Microsoft Visual Studio Solution File, Format Version 12.00
# Visual Studio Version 17
VisualStudioVersion = 17.2.32526.322
MinimumVisualStudioVersion = 10.0.40219.1
Project("{FAE04EC0-301F-11D3-BF4B-00C04F79EFBC}") = "DNA_ToRNA_Conversion", "DNA_ToRNA_Conversion\DNA_ToRNA_Conversion.csproj", "{67B98454-2910-44AE-9438-0D04D0798BCB}"
EndProject
Global
	GlobalSection(SolutionConfigurationPlatforms) = preSolution
		Debug|Any CPU = Debug|Any CPU
		Release|Any CPU = Release|Any CPU
	EndGlobalSection
	GlobalSection(ProjectConfigurationPlatforms) = postSolution
		{67B98454-2910-44AE-9438-0D04D0798BCB}.Debug|Any CPU.ActiveCfg = Debug|Any CPU
		{67B98454-2910-44AE-9438-0D04D0798BCB}.Debug|Any CPU.Build.0 = Debug|Any CPU
		{67B98454-2910-44AE-9438-0D04D0798BCB}.Release|Any CPU.ActiveCfg = Release|Any CPU
		{67B98454-2910-44AE-9438-0D04D0798BCB}.Release|Any CPU.Build.0 = Release|Any CPU
	EndGlobalSection
	GlobalSection(SolutionProperties) = preSolution
		HideSolutionNode = FALSE
	EndGlobalSection
	GlobalSection(ExtensibilityGlobals) = postSolution
		SolutionGuid = {8AF33A44-9F37-48A9-9F22-0D14F4482198}
	EndGlobalSection
EndGlobal
