
Microsoft Visual Studio Solution File, Format Version 12.00
# Visual Studio Version 17
VisualStudioVersion = 17.6.33815.320
MinimumVisualStudioVersion = 10.0.40219.1
Project("{FAE04EC0-301F-11D3-BF4B-00C04F79EFBC}") = "TheOficceVI_Sabbatical", "TheOficceVI_Sabbatical\TheOficceVI_Sabbatical.csproj", "{44BAF5F8-A7ED-45C6-A468-BD626F7E3836}"
EndProject
Global
	GlobalSection(SolutionConfigurationPlatforms) = preSolution
		Debug|Any CPU = Debug|Any CPU
		Release|Any CPU = Release|Any CPU
	EndGlobalSection
	GlobalSection(ProjectConfigurationPlatforms) = postSolution
		{44BAF5F8-A7ED-45C6-A468-BD626F7E3836}.Debug|Any CPU.ActiveCfg = Debug|Any CPU
		{44BAF5F8-A7ED-45C6-A468-BD626F7E3836}.Debug|Any CPU.Build.0 = Debug|Any CPU
		{44BAF5F8-A7ED-45C6-A468-BD626F7E3836}.Release|Any CPU.ActiveCfg = Release|Any CPU
		{44BAF5F8-A7ED-45C6-A468-BD626F7E3836}.Release|Any CPU.Build.0 = Release|Any CPU
	EndGlobalSection
	GlobalSection(SolutionProperties) = preSolution
		HideSolutionNode = FALSE
	EndGlobalSection
	GlobalSection(ExtensibilityGlobals) = postSolution
		SolutionGuid = {8AF23563-B9E6-45B1-8434-A4A1D7089199}
	EndGlobalSection
EndGlobal
