
Microsoft Visual Studio Solution File, Format Version 12.00
# Visual Studio Version 17
VisualStudioVersion = 17.2.32526.322
MinimumVisualStudioVersion = 10.0.40219.1
Project("{FAE04EC0-301F-11D3-BF4B-00C04F79EFBC}") = "MakeUpper", "MakeUpper\MakeUpper.csproj", "{A91015FA-BFF0-488B-84B0-AB20A9D688FE}"
EndProject
Global
	GlobalSection(SolutionConfigurationPlatforms) = preSolution
		Debug|Any CPU = Debug|Any CPU
		Release|Any CPU = Release|Any CPU
	EndGlobalSection
	GlobalSection(ProjectConfigurationPlatforms) = postSolution
		{A91015FA-BFF0-488B-84B0-AB20A9D688FE}.Debug|Any CPU.ActiveCfg = Debug|Any CPU
		{A91015FA-BFF0-488B-84B0-AB20A9D688FE}.Debug|Any CPU.Build.0 = Debug|Any CPU
		{A91015FA-BFF0-488B-84B0-AB20A9D688FE}.Release|Any CPU.ActiveCfg = Release|Any CPU
		{A91015FA-BFF0-488B-84B0-AB20A9D688FE}.Release|Any CPU.Build.0 = Release|Any CPU
	EndGlobalSection
	GlobalSection(SolutionProperties) = preSolution
		HideSolutionNode = FALSE
	EndGlobalSection
	GlobalSection(ExtensibilityGlobals) = postSolution
		SolutionGuid = {6FBB5F6F-45C7-423B-A5D0-23CA96128904}
	EndGlobalSection
EndGlobal
