
Microsoft Visual Studio Solution File, Format Version 12.00
# Visual Studio Version 17
VisualStudioVersion = 17.6.33815.320
MinimumVisualStudioVersion = 10.0.40219.1
Project("{FAE04EC0-301F-11D3-BF4B-00C04F79EFBC}") = "CircleAreaInSquare", "CircleAreaInSquare\CircleAreaInSquare.csproj", "{909DF6A5-EF26-4C4D-8146-173C4E9DF1E6}"
EndProject
Global
	GlobalSection(SolutionConfigurationPlatforms) = preSolution
		Debug|Any CPU = Debug|Any CPU
		Release|Any CPU = Release|Any CPU
	EndGlobalSection
	GlobalSection(ProjectConfigurationPlatforms) = postSolution
		{909DF6A5-EF26-4C4D-8146-173C4E9DF1E6}.Debug|Any CPU.ActiveCfg = Debug|Any CPU
		{909DF6A5-EF26-4C4D-8146-173C4E9DF1E6}.Debug|Any CPU.Build.0 = Debug|Any CPU
		{909DF6A5-EF26-4C4D-8146-173C4E9DF1E6}.Release|Any CPU.ActiveCfg = Release|Any CPU
		{909DF6A5-EF26-4C4D-8146-173C4E9DF1E6}.Release|Any CPU.Build.0 = Release|Any CPU
	EndGlobalSection
	GlobalSection(SolutionProperties) = preSolution
		HideSolutionNode = FALSE
	EndGlobalSection
	GlobalSection(ExtensibilityGlobals) = postSolution
		SolutionGuid = {714B63A9-37C0-47D5-B7F0-01B76E6EF48F}
	EndGlobalSection
EndGlobal
