
Microsoft Visual Studio Solution File, Format Version 12.00
# Visual Studio Version 17
VisualStudioVersion = 17.2.32526.322
MinimumVisualStudioVersion = 10.0.40219.1
Project("{FAE04EC0-301F-11D3-BF4B-00C04F79EFBC}") = "Remove!", "Remove!\Remove!.csproj", "{CEE5026C-86ED-46B3-8F15-FEA7AC70D684}"
EndProject
Global
	GlobalSection(SolutionConfigurationPlatforms) = preSolution
		Debug|Any CPU = Debug|Any CPU
		Release|Any CPU = Release|Any CPU
	EndGlobalSection
	GlobalSection(ProjectConfigurationPlatforms) = postSolution
		{CEE5026C-86ED-46B3-8F15-FEA7AC70D684}.Debug|Any CPU.ActiveCfg = Debug|Any CPU
		{CEE5026C-86ED-46B3-8F15-FEA7AC70D684}.Debug|Any CPU.Build.0 = Debug|Any CPU
		{CEE5026C-86ED-46B3-8F15-FEA7AC70D684}.Release|Any CPU.ActiveCfg = Release|Any CPU
		{CEE5026C-86ED-46B3-8F15-FEA7AC70D684}.Release|Any CPU.Build.0 = Release|Any CPU
	EndGlobalSection
	GlobalSection(SolutionProperties) = preSolution
		HideSolutionNode = FALSE
	EndGlobalSection
	GlobalSection(ExtensibilityGlobals) = postSolution
		SolutionGuid = {FB87AFB5-F59F-48C6-A4F3-B4DF4EC1247A}
	EndGlobalSection
EndGlobal
