
Microsoft Visual Studio Solution File, Format Version 12.00
# Visual Studio Version 17
VisualStudioVersion = 17.2.32526.322
MinimumVisualStudioVersion = 10.0.40219.1
Project("{FAE04EC0-301F-11D3-BF4B-00C04F79EFBC}") = "AreaOfACircle", "AreaOfACircle\AreaOfACircle.csproj", "{BD30C4BA-225E-45B2-AC0E-238C6393FDA3}"
EndProject
Global
	GlobalSection(SolutionConfigurationPlatforms) = preSolution
		Debug|Any CPU = Debug|Any CPU
		Release|Any CPU = Release|Any CPU
	EndGlobalSection
	GlobalSection(ProjectConfigurationPlatforms) = postSolution
		{BD30C4BA-225E-45B2-AC0E-238C6393FDA3}.Debug|Any CPU.ActiveCfg = Debug|Any CPU
		{BD30C4BA-225E-45B2-AC0E-238C6393FDA3}.Debug|Any CPU.Build.0 = Debug|Any CPU
		{BD30C4BA-225E-45B2-AC0E-238C6393FDA3}.Release|Any CPU.ActiveCfg = Release|Any CPU
		{BD30C4BA-225E-45B2-AC0E-238C6393FDA3}.Release|Any CPU.Build.0 = Release|Any CPU
	EndGlobalSection
	GlobalSection(SolutionProperties) = preSolution
		HideSolutionNode = FALSE
	EndGlobalSection
	GlobalSection(ExtensibilityGlobals) = postSolution
		SolutionGuid = {557BBA15-85EB-474B-A9CF-C03ACB97FDF6}
	EndGlobalSection
EndGlobal
