
Microsoft Visual Studio Solution File, Format Version 12.00
# Visual Studio Version 17
VisualStudioVersion = 17.2.32526.322
MinimumVisualStudioVersion = 10.0.40219.1
Project("{FAE04EC0-301F-11D3-BF4B-00C04F79EFBC}") = "TwiceAsOld", "TwiceAsOld\TwiceAsOld.csproj", "{E3085757-3EB7-4E67-90D0-371FC9575F7A}"
EndProject
Global
	GlobalSection(SolutionConfigurationPlatforms) = preSolution
		Debug|Any CPU = Debug|Any CPU
		Release|Any CPU = Release|Any CPU
	EndGlobalSection
	GlobalSection(ProjectConfigurationPlatforms) = postSolution
		{E3085757-3EB7-4E67-90D0-371FC9575F7A}.Debug|Any CPU.ActiveCfg = Debug|Any CPU
		{E3085757-3EB7-4E67-90D0-371FC9575F7A}.Debug|Any CPU.Build.0 = Debug|Any CPU
		{E3085757-3EB7-4E67-90D0-371FC9575F7A}.Release|Any CPU.ActiveCfg = Release|Any CPU
		{E3085757-3EB7-4E67-90D0-371FC9575F7A}.Release|Any CPU.Build.0 = Release|Any CPU
	EndGlobalSection
	GlobalSection(SolutionProperties) = preSolution
		HideSolutionNode = FALSE
	EndGlobalSection
	GlobalSection(ExtensibilityGlobals) = postSolution
		SolutionGuid = {829EE7DC-0D64-499A-A90D-FD31F021A307}
	EndGlobalSection
EndGlobal
