
Microsoft Visual Studio Solution File, Format Version 12.00
# Visual Studio Version 17
VisualStudioVersion = 17.2.32526.322
MinimumVisualStudioVersion = 10.0.40219.1
Project("{FAE04EC0-301F-11D3-BF4B-00C04F79EFBC}") = "IfElseDebug", "IfElseDebug\IfElseDebug.csproj", "{A653C034-95B0-4359-9AE6-56FAA9D2E750}"
EndProject
Global
	GlobalSection(SolutionConfigurationPlatforms) = preSolution
		Debug|Any CPU = Debug|Any CPU
		Release|Any CPU = Release|Any CPU
	EndGlobalSection
	GlobalSection(ProjectConfigurationPlatforms) = postSolution
		{A653C034-95B0-4359-9AE6-56FAA9D2E750}.Debug|Any CPU.ActiveCfg = Debug|Any CPU
		{A653C034-95B0-4359-9AE6-56FAA9D2E750}.Debug|Any CPU.Build.0 = Debug|Any CPU
		{A653C034-95B0-4359-9AE6-56FAA9D2E750}.Release|Any CPU.ActiveCfg = Release|Any CPU
		{A653C034-95B0-4359-9AE6-56FAA9D2E750}.Release|Any CPU.Build.0 = Release|Any CPU
	EndGlobalSection
	GlobalSection(SolutionProperties) = preSolution
		HideSolutionNode = FALSE
	EndGlobalSection
	GlobalSection(ExtensibilityGlobals) = postSolution
		SolutionGuid = {CBF1AF17-C2EB-4EBC-BB37-1C0C56FB55E9}
	EndGlobalSection
EndGlobal
