
Microsoft Visual Studio Solution File, Format Version 12.00
# Visual Studio Version 17
VisualStudioVersion = 17.2.32526.322
MinimumVisualStudioVersion = 10.0.40219.1
Project("{FAE04EC0-301F-11D3-BF4B-00C04F79EFBC}") = "SearchDivisibleByGiven", "SearchDivisibleByGiven\SearchDivisibleByGiven.csproj", "{9ABD5ECF-BE28-4C8B-9B0D-C5A8DB3C4635}"
EndProject
Global
	GlobalSection(SolutionConfigurationPlatforms) = preSolution
		Debug|Any CPU = Debug|Any CPU
		Release|Any CPU = Release|Any CPU
	EndGlobalSection
	GlobalSection(ProjectConfigurationPlatforms) = postSolution
		{9ABD5ECF-BE28-4C8B-9B0D-C5A8DB3C4635}.Debug|Any CPU.ActiveCfg = Debug|Any CPU
		{9ABD5ECF-BE28-4C8B-9B0D-C5A8DB3C4635}.Debug|Any CPU.Build.0 = Debug|Any CPU
		{9ABD5ECF-BE28-4C8B-9B0D-C5A8DB3C4635}.Release|Any CPU.ActiveCfg = Release|Any CPU
		{9ABD5ECF-BE28-4C8B-9B0D-C5A8DB3C4635}.Release|Any CPU.Build.0 = Release|Any CPU
	EndGlobalSection
	GlobalSection(SolutionProperties) = preSolution
		HideSolutionNode = FALSE
	EndGlobalSection
	GlobalSection(ExtensibilityGlobals) = postSolution
		SolutionGuid = {E69DFDEB-6230-4DB6-88A2-4C1C3E4949D9}
	EndGlobalSection
EndGlobal
