
Microsoft Visual Studio Solution File, Format Version 12.00
# Visual Studio Version 17
VisualStudioVersion = 17.2.32526.322
MinimumVisualStudioVersion = 10.0.40219.1
Project("{FAE04EC0-301F-11D3-BF4B-00C04F79EFBC}") = "IsItEven", "IsItEven\IsItEven.csproj", "{05742969-1F7B-476B-BB9C-7B8B3CCBE0CE}"
EndProject
Global
	GlobalSection(SolutionConfigurationPlatforms) = preSolution
		Debug|Any CPU = Debug|Any CPU
		Release|Any CPU = Release|Any CPU
	EndGlobalSection
	GlobalSection(ProjectConfigurationPlatforms) = postSolution
		{05742969-1F7B-476B-BB9C-7B8B3CCBE0CE}.Debug|Any CPU.ActiveCfg = Debug|Any CPU
		{05742969-1F7B-476B-BB9C-7B8B3CCBE0CE}.Debug|Any CPU.Build.0 = Debug|Any CPU
		{05742969-1F7B-476B-BB9C-7B8B3CCBE0CE}.Release|Any CPU.ActiveCfg = Release|Any CPU
		{05742969-1F7B-476B-BB9C-7B8B3CCBE0CE}.Release|Any CPU.Build.0 = Release|Any CPU
	EndGlobalSection
	GlobalSection(SolutionProperties) = preSolution
		HideSolutionNode = FALSE
	EndGlobalSection
	GlobalSection(ExtensibilityGlobals) = postSolution
		SolutionGuid = {5F91BFF0-E67C-474F-97FD-6C5C7BE48D72}
	EndGlobalSection
EndGlobal
