
Microsoft Visual Studio Solution File, Format Version 12.00
# Visual Studio Version 17
VisualStudioVersion = 17.6.33815.320
MinimumVisualStudioVersion = 10.0.40219.1
Project("{FAE04EC0-301F-11D3-BF4B-00C04F79EFBC}") = "OnesComplement", "OnesComplement\OnesComplement.csproj", "{25D1133A-95E4-4F2B-83E5-FA2F9DB964CD}"
EndProject
Global
	GlobalSection(SolutionConfigurationPlatforms) = preSolution
		Debug|Any CPU = Debug|Any CPU
		Release|Any CPU = Release|Any CPU
	EndGlobalSection
	GlobalSection(ProjectConfigurationPlatforms) = postSolution
		{25D1133A-95E4-4F2B-83E5-FA2F9DB964CD}.Debug|Any CPU.ActiveCfg = Debug|Any CPU
		{25D1133A-95E4-4F2B-83E5-FA2F9DB964CD}.Debug|Any CPU.Build.0 = Debug|Any CPU
		{25D1133A-95E4-4F2B-83E5-FA2F9DB964CD}.Release|Any CPU.ActiveCfg = Release|Any CPU
		{25D1133A-95E4-4F2B-83E5-FA2F9DB964CD}.Release|Any CPU.Build.0 = Release|Any CPU
	EndGlobalSection
	GlobalSection(SolutionProperties) = preSolution
		HideSolutionNode = FALSE
	EndGlobalSection
	GlobalSection(ExtensibilityGlobals) = postSolution
		SolutionGuid = {45922C77-A693-4B01-85B3-616D8A2033E1}
	EndGlobalSection
EndGlobal
