
Microsoft Visual Studio Solution File, Format Version 12.00
# Visual Studio Version 17
VisualStudioVersion = 17.2.32526.322
MinimumVisualStudioVersion = 10.0.40219.1
Project("{FAE04EC0-301F-11D3-BF4B-00C04F79EFBC}") = "VeryEvenNumber", "VeryEvenNumber\VeryEvenNumber.csproj", "{C4071F12-9626-4B5D-BB8A-9990491DD174}"
EndProject
Global
	GlobalSection(SolutionConfigurationPlatforms) = preSolution
		Debug|Any CPU = Debug|Any CPU
		Release|Any CPU = Release|Any CPU
	EndGlobalSection
	GlobalSection(ProjectConfigurationPlatforms) = postSolution
		{C4071F12-9626-4B5D-BB8A-9990491DD174}.Debug|Any CPU.ActiveCfg = Debug|Any CPU
		{C4071F12-9626-4B5D-BB8A-9990491DD174}.Debug|Any CPU.Build.0 = Debug|Any CPU
		{C4071F12-9626-4B5D-BB8A-9990491DD174}.Release|Any CPU.ActiveCfg = Release|Any CPU
		{C4071F12-9626-4B5D-BB8A-9990491DD174}.Release|Any CPU.Build.0 = Release|Any CPU
	EndGlobalSection
	GlobalSection(SolutionProperties) = preSolution
		HideSolutionNode = FALSE
	EndGlobalSection
	GlobalSection(ExtensibilityGlobals) = postSolution
		SolutionGuid = {E9011332-B91A-4301-9BC6-300D78FDA44C}
	EndGlobalSection
EndGlobal
