
Microsoft Visual Studio Solution File, Format Version 12.00
# Visual Studio Version 17
VisualStudioVersion = 17.2.32526.322
MinimumVisualStudioVersion = 10.0.40219.1
Project("{FAE04EC0-301F-11D3-BF4B-00C04F79EFBC}") = "FizzBuzzAgain", "FizzBuzzAgain\FizzBuzzAgain.csproj", "{9362CCBB-22D3-4EF0-B3DF-0EE63D096FD3}"
EndProject
Global
	GlobalSection(SolutionConfigurationPlatforms) = preSolution
		Debug|Any CPU = Debug|Any CPU
		Release|Any CPU = Release|Any CPU
	EndGlobalSection
	GlobalSection(ProjectConfigurationPlatforms) = postSolution
		{9362CCBB-22D3-4EF0-B3DF-0EE63D096FD3}.Debug|Any CPU.ActiveCfg = Debug|Any CPU
		{9362CCBB-22D3-4EF0-B3DF-0EE63D096FD3}.Debug|Any CPU.Build.0 = Debug|Any CPU
		{9362CCBB-22D3-4EF0-B3DF-0EE63D096FD3}.Release|Any CPU.ActiveCfg = Release|Any CPU
		{9362CCBB-22D3-4EF0-B3DF-0EE63D096FD3}.Release|Any CPU.Build.0 = Release|Any CPU
	EndGlobalSection
	GlobalSection(SolutionProperties) = preSolution
		HideSolutionNode = FALSE
	EndGlobalSection
	GlobalSection(ExtensibilityGlobals) = postSolution
		SolutionGuid = {3CCCF306-30DD-42DD-8324-2F3E9821090E}
	EndGlobalSection
EndGlobal
