
Microsoft Visual Studio Solution File, Format Version 12.00
# Visual Studio Version 17
VisualStudioVersion = 17.2.32526.322
MinimumVisualStudioVersion = 10.0.40219.1
Project("{FAE04EC0-301F-11D3-BF4B-00C04F79EFBC}") = "FunFact", "FunFact\FunFact.csproj", "{9D44931F-92A1-439A-8138-87DD226E62AD}"
EndProject
Global
	GlobalSection(SolutionConfigurationPlatforms) = preSolution
		Debug|Any CPU = Debug|Any CPU
		Release|Any CPU = Release|Any CPU
	EndGlobalSection
	GlobalSection(ProjectConfigurationPlatforms) = postSolution
		{9D44931F-92A1-439A-8138-87DD226E62AD}.Debug|Any CPU.ActiveCfg = Debug|Any CPU
		{9D44931F-92A1-439A-8138-87DD226E62AD}.Debug|Any CPU.Build.0 = Debug|Any CPU
		{9D44931F-92A1-439A-8138-87DD226E62AD}.Release|Any CPU.ActiveCfg = Release|Any CPU
		{9D44931F-92A1-439A-8138-87DD226E62AD}.Release|Any CPU.Build.0 = Release|Any CPU
	EndGlobalSection
	GlobalSection(SolutionProperties) = preSolution
		HideSolutionNode = FALSE
	EndGlobalSection
	GlobalSection(ExtensibilityGlobals) = postSolution
		SolutionGuid = {D06B671C-38D0-4B12-BFF8-34B4338A8DC0}
	EndGlobalSection
EndGlobal
