
Microsoft Visual Studio Solution File, Format Version 12.00
# Visual Studio Version 17
VisualStudioVersion = 17.2.32526.322
MinimumVisualStudioVersion = 10.0.40219.1
Project("{FAE04EC0-301F-11D3-BF4B-00C04F79EFBC}") = "SumWoHiAndLo", "SumWoHiAndLo\SumWoHiAndLo.csproj", "{35AF0D18-02A0-4662-83DC-A756B503AF54}"
EndProject
Global
	GlobalSection(SolutionConfigurationPlatforms) = preSolution
		Debug|Any CPU = Debug|Any CPU
		Release|Any CPU = Release|Any CPU
	EndGlobalSection
	GlobalSection(ProjectConfigurationPlatforms) = postSolution
		{35AF0D18-02A0-4662-83DC-A756B503AF54}.Debug|Any CPU.ActiveCfg = Debug|Any CPU
		{35AF0D18-02A0-4662-83DC-A756B503AF54}.Debug|Any CPU.Build.0 = Debug|Any CPU
		{35AF0D18-02A0-4662-83DC-A756B503AF54}.Release|Any CPU.ActiveCfg = Release|Any CPU
		{35AF0D18-02A0-4662-83DC-A756B503AF54}.Release|Any CPU.Build.0 = Release|Any CPU
	EndGlobalSection
	GlobalSection(SolutionProperties) = preSolution
		HideSolutionNode = FALSE
	EndGlobalSection
	GlobalSection(ExtensibilityGlobals) = postSolution
		SolutionGuid = {D1C991D7-18DA-459D-BEC5-72D1AFAE37A2}
	EndGlobalSection
EndGlobal
