
Microsoft Visual Studio Solution File, Format Version 12.00
# Visual Studio Version 17
VisualStudioVersion = 17.2.32526.322
MinimumVisualStudioVersion = 10.0.40219.1
Project("{FAE04EC0-301F-11D3-BF4B-00C04F79EFBC}") = "SumMixedArray", "SumMixedArray\SumMixedArray.csproj", "{4A1BDA68-B45E-4BF4-8EE8-4DDB8A9DFCAD}"
EndProject
Global
	GlobalSection(SolutionConfigurationPlatforms) = preSolution
		Debug|Any CPU = Debug|Any CPU
		Release|Any CPU = Release|Any CPU
	EndGlobalSection
	GlobalSection(ProjectConfigurationPlatforms) = postSolution
		{4A1BDA68-B45E-4BF4-8EE8-4DDB8A9DFCAD}.Debug|Any CPU.ActiveCfg = Debug|Any CPU
		{4A1BDA68-B45E-4BF4-8EE8-4DDB8A9DFCAD}.Debug|Any CPU.Build.0 = Debug|Any CPU
		{4A1BDA68-B45E-4BF4-8EE8-4DDB8A9DFCAD}.Release|Any CPU.ActiveCfg = Release|Any CPU
		{4A1BDA68-B45E-4BF4-8EE8-4DDB8A9DFCAD}.Release|Any CPU.Build.0 = Release|Any CPU
	EndGlobalSection
	GlobalSection(SolutionProperties) = preSolution
		HideSolutionNode = FALSE
	EndGlobalSection
	GlobalSection(ExtensibilityGlobals) = postSolution
		SolutionGuid = {19E0AA61-4DD8-4E8A-9075-090E02BF3265}
	EndGlobalSection
EndGlobal
