
Microsoft Visual Studio Solution File, Format Version 12.00
# Visual Studio Version 17
VisualStudioVersion = 17.2.32526.322
MinimumVisualStudioVersion = 10.0.40219.1
Project("{FAE04EC0-301F-11D3-BF4B-00C04F79EFBC}") = "RemoveStringSpaces", "RemoveStringSpaces\RemoveStringSpaces.csproj", "{92C31AED-BA0D-4458-AA74-1979FBABDCBF}"
EndProject
Global
	GlobalSection(SolutionConfigurationPlatforms) = preSolution
		Debug|Any CPU = Debug|Any CPU
		Release|Any CPU = Release|Any CPU
	EndGlobalSection
	GlobalSection(ProjectConfigurationPlatforms) = postSolution
		{92C31AED-BA0D-4458-AA74-1979FBABDCBF}.Debug|Any CPU.ActiveCfg = Debug|Any CPU
		{92C31AED-BA0D-4458-AA74-1979FBABDCBF}.Debug|Any CPU.Build.0 = Debug|Any CPU
		{92C31AED-BA0D-4458-AA74-1979FBABDCBF}.Release|Any CPU.ActiveCfg = Release|Any CPU
		{92C31AED-BA0D-4458-AA74-1979FBABDCBF}.Release|Any CPU.Build.0 = Release|Any CPU
	EndGlobalSection
	GlobalSection(SolutionProperties) = preSolution
		HideSolutionNode = FALSE
	EndGlobalSection
	GlobalSection(ExtensibilityGlobals) = postSolution
		SolutionGuid = {D131E099-EC08-40AA-A189-83997B492FEF}
	EndGlobalSection
EndGlobal
