
Microsoft Visual Studio Solution File, Format Version 12.00
# Visual Studio Version 17
VisualStudioVersion = 17.2.32526.322
MinimumVisualStudioVersion = 10.0.40219.1
Project("{FAE04EC0-301F-11D3-BF4B-00C04F79EFBC}") = "CharacterCounter", "CharacterCounter\CharacterCounter.csproj", "{5DE2D3DF-470B-4146-9BB7-9AD90DB53280}"
EndProject
Global
	GlobalSection(SolutionConfigurationPlatforms) = preSolution
		Debug|Any CPU = Debug|Any CPU
		Release|Any CPU = Release|Any CPU
	EndGlobalSection
	GlobalSection(ProjectConfigurationPlatforms) = postSolution
		{5DE2D3DF-470B-4146-9BB7-9AD90DB53280}.Debug|Any CPU.ActiveCfg = Debug|Any CPU
		{5DE2D3DF-470B-4146-9BB7-9AD90DB53280}.Debug|Any CPU.Build.0 = Debug|Any CPU
		{5DE2D3DF-470B-4146-9BB7-9AD90DB53280}.Release|Any CPU.ActiveCfg = Release|Any CPU
		{5DE2D3DF-470B-4146-9BB7-9AD90DB53280}.Release|Any CPU.Build.0 = Release|Any CPU
	EndGlobalSection
	GlobalSection(SolutionProperties) = preSolution
		HideSolutionNode = FALSE
	EndGlobalSection
	GlobalSection(ExtensibilityGlobals) = postSolution
		SolutionGuid = {49631C04-9496-4D3F-9BCD-186B1EF8C0A9}
	EndGlobalSection
EndGlobal
