
Microsoft Visual Studio Solution File, Format Version 12.00
# Visual Studio Version 17
VisualStudioVersion = 17.2.32526.322
MinimumVisualStudioVersion = 10.0.40219.1
Project("{FAE04EC0-301F-11D3-BF4B-00C04F79EFBC}") = "CalculateAgeByDiffAndSum", "CalculateAgeByDiffAndSum\CalculateAgeByDiffAndSum.csproj", "{6C18C86D-3D58-4E3B-B169-B0BF5E550746}"
EndProject
Global
	GlobalSection(SolutionConfigurationPlatforms) = preSolution
		Debug|Any CPU = Debug|Any CPU
		Release|Any CPU = Release|Any CPU
	EndGlobalSection
	GlobalSection(ProjectConfigurationPlatforms) = postSolution
		{6C18C86D-3D58-4E3B-B169-B0BF5E550746}.Debug|Any CPU.ActiveCfg = Debug|Any CPU
		{6C18C86D-3D58-4E3B-B169-B0BF5E550746}.Debug|Any CPU.Build.0 = Debug|Any CPU
		{6C18C86D-3D58-4E3B-B169-B0BF5E550746}.Release|Any CPU.ActiveCfg = Release|Any CPU
		{6C18C86D-3D58-4E3B-B169-B0BF5E550746}.Release|Any CPU.Build.0 = Release|Any CPU
	EndGlobalSection
	GlobalSection(SolutionProperties) = preSolution
		HideSolutionNode = FALSE
	EndGlobalSection
	GlobalSection(ExtensibilityGlobals) = postSolution
		SolutionGuid = {99CC8815-82FB-492B-B3BF-1A4D806724BA}
	EndGlobalSection
EndGlobal
