
Microsoft Visual Studio Solution File, Format Version 12.00
# Visual Studio Version 17
VisualStudioVersion = 17.2.32526.322
MinimumVisualStudioVersion = 10.0.40219.1
Project("{FAE04EC0-301F-11D3-BF4B-00C04F79EFBC}") = "HowGoodAreYouReally", "HowGoodAreYouReally\HowGoodAreYouReally.csproj", "{861BA20B-E3F0-431F-A237-286D6D1BAB16}"
EndProject
Global
	GlobalSection(SolutionConfigurationPlatforms) = preSolution
		Debug|Any CPU = Debug|Any CPU
		Release|Any CPU = Release|Any CPU
	EndGlobalSection
	GlobalSection(ProjectConfigurationPlatforms) = postSolution
		{861BA20B-E3F0-431F-A237-286D6D1BAB16}.Debug|Any CPU.ActiveCfg = Debug|Any CPU
		{861BA20B-E3F0-431F-A237-286D6D1BAB16}.Debug|Any CPU.Build.0 = Debug|Any CPU
		{861BA20B-E3F0-431F-A237-286D6D1BAB16}.Release|Any CPU.ActiveCfg = Release|Any CPU
		{861BA20B-E3F0-431F-A237-286D6D1BAB16}.Release|Any CPU.Build.0 = Release|Any CPU
	EndGlobalSection
	GlobalSection(SolutionProperties) = preSolution
		HideSolutionNode = FALSE
	EndGlobalSection
	GlobalSection(ExtensibilityGlobals) = postSolution
		SolutionGuid = {5257D2F9-C840-4248-A486-D53894303BAE}
	EndGlobalSection
EndGlobal
