
Microsoft Visual Studio Solution File, Format Version 12.00
# Visual Studio Version 17
VisualStudioVersion = 17.2.32526.322
MinimumVisualStudioVersion = 10.0.40219.1
Project("{FAE04EC0-301F-11D3-BF4B-00C04F79EFBC}") = "CountTheDays", "CountTheDays\CountTheDays.csproj", "{FFF16ADC-2BE9-4BF0-BFDB-F3C1AFF61AA1}"
EndProject
Global
	GlobalSection(SolutionConfigurationPlatforms) = preSolution
		Debug|Any CPU = Debug|Any CPU
		Release|Any CPU = Release|Any CPU
	EndGlobalSection
	GlobalSection(ProjectConfigurationPlatforms) = postSolution
		{FFF16ADC-2BE9-4BF0-BFDB-F3C1AFF61AA1}.Debug|Any CPU.ActiveCfg = Debug|Any CPU
		{FFF16ADC-2BE9-4BF0-BFDB-F3C1AFF61AA1}.Debug|Any CPU.Build.0 = Debug|Any CPU
		{FFF16ADC-2BE9-4BF0-BFDB-F3C1AFF61AA1}.Release|Any CPU.ActiveCfg = Release|Any CPU
		{FFF16ADC-2BE9-4BF0-BFDB-F3C1AFF61AA1}.Release|Any CPU.Build.0 = Release|Any CPU
	EndGlobalSection
	GlobalSection(SolutionProperties) = preSolution
		HideSolutionNode = FALSE
	EndGlobalSection
	GlobalSection(ExtensibilityGlobals) = postSolution
		SolutionGuid = {D348ABA3-71D8-4B3F-9214-E34FC3DE8721}
	EndGlobalSection
EndGlobal
