
Microsoft Visual Studio Solution File, Format Version 12.00
# Visual Studio Version 17
VisualStudioVersion = 17.2.32526.322
MinimumVisualStudioVersion = 10.0.40219.1
Project("{FAE04EC0-301F-11D3-BF4B-00C04F79EFBC}") = "TheCouponCode", "TheCouponCode\TheCouponCode.csproj", "{3093DACF-C7E0-4D70-B537-20E17AAB56CB}"
EndProject
Global
	GlobalSection(SolutionConfigurationPlatforms) = preSolution
		Debug|Any CPU = Debug|Any CPU
		Release|Any CPU = Release|Any CPU
	EndGlobalSection
	GlobalSection(ProjectConfigurationPlatforms) = postSolution
		{3093DACF-C7E0-4D70-B537-20E17AAB56CB}.Debug|Any CPU.ActiveCfg = Debug|Any CPU
		{3093DACF-C7E0-4D70-B537-20E17AAB56CB}.Debug|Any CPU.Build.0 = Debug|Any CPU
		{3093DACF-C7E0-4D70-B537-20E17AAB56CB}.Release|Any CPU.ActiveCfg = Release|Any CPU
		{3093DACF-C7E0-4D70-B537-20E17AAB56CB}.Release|Any CPU.Build.0 = Release|Any CPU
	EndGlobalSection
	GlobalSection(SolutionProperties) = preSolution
		HideSolutionNode = FALSE
	EndGlobalSection
	GlobalSection(ExtensibilityGlobals) = postSolution
		SolutionGuid = {5A359EF9-8A5C-4641-875D-F75956568028}
	EndGlobalSection
EndGlobal
