
Microsoft Visual Studio Solution File, Format Version 12.00
# Visual Studio Version 17
VisualStudioVersion = 17.6.33815.320
MinimumVisualStudioVersion = 10.0.40219.1
Project("{FAE04EC0-301F-11D3-BF4B-00C04F79EFBC}") = "ReturnMissingElement", "ReturnMissingElement\ReturnMissingElement.csproj", "{D7FFD5DE-C384-4776-85F3-D50112119F7D}"
EndProject
Global
	GlobalSection(SolutionConfigurationPlatforms) = preSolution
		Debug|Any CPU = Debug|Any CPU
		Release|Any CPU = Release|Any CPU
	EndGlobalSection
	GlobalSection(ProjectConfigurationPlatforms) = postSolution
		{D7FFD5DE-C384-4776-85F3-D50112119F7D}.Debug|Any CPU.ActiveCfg = Debug|Any CPU
		{D7FFD5DE-C384-4776-85F3-D50112119F7D}.Debug|Any CPU.Build.0 = Debug|Any CPU
		{D7FFD5DE-C384-4776-85F3-D50112119F7D}.Release|Any CPU.ActiveCfg = Release|Any CPU
		{D7FFD5DE-C384-4776-85F3-D50112119F7D}.Release|Any CPU.Build.0 = Release|Any CPU
	EndGlobalSection
	GlobalSection(SolutionProperties) = preSolution
		HideSolutionNode = FALSE
	EndGlobalSection
	GlobalSection(ExtensibilityGlobals) = postSolution
		SolutionGuid = {3FFBC070-4515-4234-A21E-D356245B4CFE}
	EndGlobalSection
EndGlobal
