
Microsoft Visual Studio Solution File, Format Version 12.00
# Visual Studio Version 17
VisualStudioVersion = 17.2.32526.322
MinimumVisualStudioVersion = 10.0.40219.1
Project("{FAE04EC0-301F-11D3-BF4B-00C04F79EFBC}") = "StringOfFirstChars", "StringOfFirstChars\StringOfFirstChars.csproj", "{D7768E37-32B3-451A-9755-D267527FD12F}"
EndProject
Global
	GlobalSection(SolutionConfigurationPlatforms) = preSolution
		Debug|Any CPU = Debug|Any CPU
		Release|Any CPU = Release|Any CPU
	EndGlobalSection
	GlobalSection(ProjectConfigurationPlatforms) = postSolution
		{D7768E37-32B3-451A-9755-D267527FD12F}.Debug|Any CPU.ActiveCfg = Debug|Any CPU
		{D7768E37-32B3-451A-9755-D267527FD12F}.Debug|Any CPU.Build.0 = Debug|Any CPU
		{D7768E37-32B3-451A-9755-D267527FD12F}.Release|Any CPU.ActiveCfg = Release|Any CPU
		{D7768E37-32B3-451A-9755-D267527FD12F}.Release|Any CPU.Build.0 = Release|Any CPU
	EndGlobalSection
	GlobalSection(SolutionProperties) = preSolution
		HideSolutionNode = FALSE
	EndGlobalSection
	GlobalSection(ExtensibilityGlobals) = postSolution
		SolutionGuid = {01C9D1BC-1DB3-4D25-B186-33AA15B28A7B}
	EndGlobalSection
EndGlobal
