
Microsoft Visual Studio Solution File, Format Version 12.00
# Visual Studio Version 17
VisualStudioVersion = 17.2.32526.322
MinimumVisualStudioVersion = 10.0.40219.1
Project("{FAE04EC0-301F-11D3-BF4B-00C04F79EFBC}") = "FindFirstNonConsecutiveNumber", "FindFirstNonConsecutiveNumber\FindFirstNonConsecutiveNumber.csproj", "{34B7194B-56BF-46AE-8EAF-C4BAC72CA1D0}"
EndProject
Global
	GlobalSection(SolutionConfigurationPlatforms) = preSolution
		Debug|Any CPU = Debug|Any CPU
		Release|Any CPU = Release|Any CPU
	EndGlobalSection
	GlobalSection(ProjectConfigurationPlatforms) = postSolution
		{34B7194B-56BF-46AE-8EAF-C4BAC72CA1D0}.Debug|Any CPU.ActiveCfg = Debug|Any CPU
		{34B7194B-56BF-46AE-8EAF-C4BAC72CA1D0}.Debug|Any CPU.Build.0 = Debug|Any CPU
		{34B7194B-56BF-46AE-8EAF-C4BAC72CA1D0}.Release|Any CPU.ActiveCfg = Release|Any CPU
		{34B7194B-56BF-46AE-8EAF-C4BAC72CA1D0}.Release|Any CPU.Build.0 = Release|Any CPU
	EndGlobalSection
	GlobalSection(SolutionProperties) = preSolution
		HideSolutionNode = FALSE
	EndGlobalSection
	GlobalSection(ExtensibilityGlobals) = postSolution
		SolutionGuid = {A99A8367-EC45-4662-9832-963463193F28}
	EndGlobalSection
EndGlobal
