
Microsoft Visual Studio Solution File, Format Version 12.00
# Visual Studio Version 17
VisualStudioVersion = 17.2.32526.322
MinimumVisualStudioVersion = 10.0.40219.1
Project("{FAE04EC0-301F-11D3-BF4B-00C04F79EFBC}") = "FilterTheNumber", "FilterTheNumber\FilterTheNumber.csproj", "{B111DEA6-819B-49BF-8946-3423D49D23A4}"
EndProject
Global
	GlobalSection(SolutionConfigurationPlatforms) = preSolution
		Debug|Any CPU = Debug|Any CPU
		Release|Any CPU = Release|Any CPU
	EndGlobalSection
	GlobalSection(ProjectConfigurationPlatforms) = postSolution
		{B111DEA6-819B-49BF-8946-3423D49D23A4}.Debug|Any CPU.ActiveCfg = Debug|Any CPU
		{B111DEA6-819B-49BF-8946-3423D49D23A4}.Debug|Any CPU.Build.0 = Debug|Any CPU
		{B111DEA6-819B-49BF-8946-3423D49D23A4}.Release|Any CPU.ActiveCfg = Release|Any CPU
		{B111DEA6-819B-49BF-8946-3423D49D23A4}.Release|Any CPU.Build.0 = Release|Any CPU
	EndGlobalSection
	GlobalSection(SolutionProperties) = preSolution
		HideSolutionNode = FALSE
	EndGlobalSection
	GlobalSection(ExtensibilityGlobals) = postSolution
		SolutionGuid = {602F8796-9479-4855-88C5-640ADF92E37E}
	EndGlobalSection
EndGlobal
