
Microsoft Visual Studio Solution File, Format Version 12.00
# Visual Studio Version 17
VisualStudioVersion = 17.2.32526.322
MinimumVisualStudioVersion = 10.0.40219.1
Project("{FAE04EC0-301F-11D3-BF4B-00C04F79EFBC}") = "SumOfABeach", "SumOfABeach\SumOfABeach.csproj", "{B951765E-FCF8-428E-8CA4-69DBA1536DE8}"
EndProject
Global
	GlobalSection(SolutionConfigurationPlatforms) = preSolution
		Debug|Any CPU = Debug|Any CPU
		Release|Any CPU = Release|Any CPU
	EndGlobalSection
	GlobalSection(ProjectConfigurationPlatforms) = postSolution
		{B951765E-FCF8-428E-8CA4-69DBA1536DE8}.Debug|Any CPU.ActiveCfg = Debug|Any CPU
		{B951765E-FCF8-428E-8CA4-69DBA1536DE8}.Debug|Any CPU.Build.0 = Debug|Any CPU
		{B951765E-FCF8-428E-8CA4-69DBA1536DE8}.Release|Any CPU.ActiveCfg = Release|Any CPU
		{B951765E-FCF8-428E-8CA4-69DBA1536DE8}.Release|Any CPU.Build.0 = Release|Any CPU
	EndGlobalSection
	GlobalSection(SolutionProperties) = preSolution
		HideSolutionNode = FALSE
	EndGlobalSection
	GlobalSection(ExtensibilityGlobals) = postSolution
		SolutionGuid = {2BA31DB9-23D3-454B-99EB-BC3485280A60}
	EndGlobalSection
EndGlobal
