
Microsoft Visual Studio Solution File, Format Version 12.00
# Visual Studio Version 17
VisualStudioVersion = 17.2.32526.322
MinimumVisualStudioVersion = 10.0.40219.1
Project("{FAE04EC0-301F-11D3-BF4B-00C04F79EFBC}") = "AreYouPlayingBanjo", "AreYouPlayingBanjo\AreYouPlayingBanjo.csproj", "{F9BCDD55-91EB-42A8-A4E9-5989BE3288FB}"
EndProject
Global
	GlobalSection(SolutionConfigurationPlatforms) = preSolution
		Debug|Any CPU = Debug|Any CPU
		Release|Any CPU = Release|Any CPU
	EndGlobalSection
	GlobalSection(ProjectConfigurationPlatforms) = postSolution
		{F9BCDD55-91EB-42A8-A4E9-5989BE3288FB}.Debug|Any CPU.ActiveCfg = Debug|Any CPU
		{F9BCDD55-91EB-42A8-A4E9-5989BE3288FB}.Debug|Any CPU.Build.0 = Debug|Any CPU
		{F9BCDD55-91EB-42A8-A4E9-5989BE3288FB}.Release|Any CPU.ActiveCfg = Release|Any CPU
		{F9BCDD55-91EB-42A8-A4E9-5989BE3288FB}.Release|Any CPU.Build.0 = Release|Any CPU
	EndGlobalSection
	GlobalSection(SolutionProperties) = preSolution
		HideSolutionNode = FALSE
	EndGlobalSection
	GlobalSection(ExtensibilityGlobals) = postSolution
		SolutionGuid = {1A1DF492-CE87-47F3-AB17-4A364CC3D10A}
	EndGlobalSection
EndGlobal
