
Microsoft Visual Studio Solution File, Format Version 12.00
# Visual Studio Version 17
VisualStudioVersion = 17.2.32526.322
MinimumVisualStudioVersion = 10.0.40219.1
Project("{FAE04EC0-301F-11D3-BF4B-00C04F79EFBC}") = "CorrectStringMistakes", "CorrectStringMistakes\CorrectStringMistakes.csproj", "{2D1C68EC-A2E0-40AE-B516-E63E9472827C}"
EndProject
Global
	GlobalSection(SolutionConfigurationPlatforms) = preSolution
		Debug|Any CPU = Debug|Any CPU
		Release|Any CPU = Release|Any CPU
	EndGlobalSection
	GlobalSection(ProjectConfigurationPlatforms) = postSolution
		{2D1C68EC-A2E0-40AE-B516-E63E9472827C}.Debug|Any CPU.ActiveCfg = Debug|Any CPU
		{2D1C68EC-A2E0-40AE-B516-E63E9472827C}.Debug|Any CPU.Build.0 = Debug|Any CPU
		{2D1C68EC-A2E0-40AE-B516-E63E9472827C}.Release|Any CPU.ActiveCfg = Release|Any CPU
		{2D1C68EC-A2E0-40AE-B516-E63E9472827C}.Release|Any CPU.Build.0 = Release|Any CPU
	EndGlobalSection
	GlobalSection(SolutionProperties) = preSolution
		HideSolutionNode = FALSE
	EndGlobalSection
	GlobalSection(ExtensibilityGlobals) = postSolution
		SolutionGuid = {12ECE709-D9F0-46D9-AAB7-74F1DC037F48}
	EndGlobalSection
EndGlobal
