
Microsoft Visual Studio Solution File, Format Version 12.00
# Visual Studio Version 17
VisualStudioVersion = 17.2.32526.322
MinimumVisualStudioVersion = 10.0.40219.1
Project("{FAE04EC0-301F-11D3-BF4B-00C04F79EFBC}") = "VampireNumbers", "VampireNumbers\VampireNumbers.csproj", "{7BB636EC-80E0-4D33-82C3-0C8531A55C0F}"
EndProject
Global
	GlobalSection(SolutionConfigurationPlatforms) = preSolution
		Debug|Any CPU = Debug|Any CPU
		Release|Any CPU = Release|Any CPU
	EndGlobalSection
	GlobalSection(ProjectConfigurationPlatforms) = postSolution
		{7BB636EC-80E0-4D33-82C3-0C8531A55C0F}.Debug|Any CPU.ActiveCfg = Debug|Any CPU
		{7BB636EC-80E0-4D33-82C3-0C8531A55C0F}.Debug|Any CPU.Build.0 = Debug|Any CPU
		{7BB636EC-80E0-4D33-82C3-0C8531A55C0F}.Release|Any CPU.ActiveCfg = Release|Any CPU
		{7BB636EC-80E0-4D33-82C3-0C8531A55C0F}.Release|Any CPU.Build.0 = Release|Any CPU
	EndGlobalSection
	GlobalSection(SolutionProperties) = preSolution
		HideSolutionNode = FALSE
	EndGlobalSection
	GlobalSection(ExtensibilityGlobals) = postSolution
		SolutionGuid = {3C1B1D41-30F4-4309-B4AA-ACA99C3D0E02}
	EndGlobalSection
EndGlobal
