
Microsoft Visual Studio Solution File, Format Version 12.00
# Visual Studio Version 17
VisualStudioVersion = 17.2.32526.322
MinimumVisualStudioVersion = 10.0.40219.1
Project("{FAE04EC0-301F-11D3-BF4B-00C04F79EFBC}") = "BinaryAddition", "BinaryAddition\BinaryAddition.csproj", "{AA2356F1-739F-48F5-BF74-A51ECD84AA2C}"
EndProject
Global
	GlobalSection(SolutionConfigurationPlatforms) = preSolution
		Debug|Any CPU = Debug|Any CPU
		Release|Any CPU = Release|Any CPU
	EndGlobalSection
	GlobalSection(ProjectConfigurationPlatforms) = postSolution
		{AA2356F1-739F-48F5-BF74-A51ECD84AA2C}.Debug|Any CPU.ActiveCfg = Debug|Any CPU
		{AA2356F1-739F-48F5-BF74-A51ECD84AA2C}.Debug|Any CPU.Build.0 = Debug|Any CPU
		{AA2356F1-739F-48F5-BF74-A51ECD84AA2C}.Release|Any CPU.ActiveCfg = Release|Any CPU
		{AA2356F1-739F-48F5-BF74-A51ECD84AA2C}.Release|Any CPU.Build.0 = Release|Any CPU
	EndGlobalSection
	GlobalSection(SolutionProperties) = preSolution
		HideSolutionNode = FALSE
	EndGlobalSection
	GlobalSection(ExtensibilityGlobals) = postSolution
		SolutionGuid = {78F231EC-A514-4B08-919A-0E92DCA2AC92}
	EndGlobalSection
EndGlobal
