
Microsoft Visual Studio Solution File, Format Version 12.00
# Visual Studio Version 17
VisualStudioVersion = 17.2.32526.322
MinimumVisualStudioVersion = 10.0.40219.1
Project("{FAE04EC0-301F-11D3-BF4B-00C04F79EFBC}") = "BoiledEggs", "BoiledEggs\BoiledEggs.csproj", "{F924DF99-7D16-41E9-BA3B-D647E0E090BB}"
EndProject
Global
	GlobalSection(SolutionConfigurationPlatforms) = preSolution
		Debug|Any CPU = Debug|Any CPU
		Release|Any CPU = Release|Any CPU
	EndGlobalSection
	GlobalSection(ProjectConfigurationPlatforms) = postSolution
		{F924DF99-7D16-41E9-BA3B-D647E0E090BB}.Debug|Any CPU.ActiveCfg = Debug|Any CPU
		{F924DF99-7D16-41E9-BA3B-D647E0E090BB}.Debug|Any CPU.Build.0 = Debug|Any CPU
		{F924DF99-7D16-41E9-BA3B-D647E0E090BB}.Release|Any CPU.ActiveCfg = Release|Any CPU
		{F924DF99-7D16-41E9-BA3B-D647E0E090BB}.Release|Any CPU.Build.0 = Release|Any CPU
	EndGlobalSection
	GlobalSection(SolutionProperties) = preSolution
		HideSolutionNode = FALSE
	EndGlobalSection
	GlobalSection(ExtensibilityGlobals) = postSolution
		SolutionGuid = {E85643F1-9BE0-437A-915D-CF1A43B1C42C}
	EndGlobalSection
EndGlobal
