
Microsoft Visual Studio Solution File, Format Version 12.00
# Visual Studio Version 17
VisualStudioVersion = 17.2.32526.322
MinimumVisualStudioVersion = 10.0.40219.1
Project("{FAE04EC0-301F-11D3-BF4B-00C04F79EFBC}") = "SuperEasy", "SuperEasy\SuperEasy.csproj", "{36BFFB0B-7E97-4FFE-BC25-F0D195895652}"
EndProject
Global
	GlobalSection(SolutionConfigurationPlatforms) = preSolution
		Debug|Any CPU = Debug|Any CPU
		Release|Any CPU = Release|Any CPU
	EndGlobalSection
	GlobalSection(ProjectConfigurationPlatforms) = postSolution
		{36BFFB0B-7E97-4FFE-BC25-F0D195895652}.Debug|Any CPU.ActiveCfg = Debug|Any CPU
		{36BFFB0B-7E97-4FFE-BC25-F0D195895652}.Debug|Any CPU.Build.0 = Debug|Any CPU
		{36BFFB0B-7E97-4FFE-BC25-F0D195895652}.Release|Any CPU.ActiveCfg = Release|Any CPU
		{36BFFB0B-7E97-4FFE-BC25-F0D195895652}.Release|Any CPU.Build.0 = Release|Any CPU
	EndGlobalSection
	GlobalSection(SolutionProperties) = preSolution
		HideSolutionNode = FALSE
	EndGlobalSection
	GlobalSection(ExtensibilityGlobals) = postSolution
		SolutionGuid = {26FC613C-9639-4D3D-9A99-098436EA7034}
	EndGlobalSection
EndGlobal
