
Microsoft Visual Studio Solution File, Format Version 12.00
# Visual Studio Version 17
VisualStudioVersion = 17.2.32526.322
MinimumVisualStudioVersion = 10.0.40219.1
Project("{FAE04EC0-301F-11D3-BF4B-00C04F79EFBC}") = "HowMuchILoveU", "HowMuchILoveU\HowMuchILoveU.csproj", "{8454F878-FD14-4FD4-A262-7C2CBB8D438D}"
EndProject
Global
	GlobalSection(SolutionConfigurationPlatforms) = preSolution
		Debug|Any CPU = Debug|Any CPU
		Release|Any CPU = Release|Any CPU
	EndGlobalSection
	GlobalSection(ProjectConfigurationPlatforms) = postSolution
		{8454F878-FD14-4FD4-A262-7C2CBB8D438D}.Debug|Any CPU.ActiveCfg = Debug|Any CPU
		{8454F878-FD14-4FD4-A262-7C2CBB8D438D}.Debug|Any CPU.Build.0 = Debug|Any CPU
		{8454F878-FD14-4FD4-A262-7C2CBB8D438D}.Release|Any CPU.ActiveCfg = Release|Any CPU
		{8454F878-FD14-4FD4-A262-7C2CBB8D438D}.Release|Any CPU.Build.0 = Release|Any CPU
	EndGlobalSection
	GlobalSection(SolutionProperties) = preSolution
		HideSolutionNode = FALSE
	EndGlobalSection
	GlobalSection(ExtensibilityGlobals) = postSolution
		SolutionGuid = {AD722E49-C048-43EA-938D-9D368D146AC4}
	EndGlobalSection
EndGlobal
