
Microsoft Visual Studio Solution File, Format Version 12.00
# Visual Studio Version 17
VisualStudioVersion = 17.2.32526.322
MinimumVisualStudioVersion = 10.0.40219.1
Project("{FAE04EC0-301F-11D3-BF4B-00C04F79EFBC}") = "CountingSheep", "CountingSheep\CountingSheep.csproj", "{B8F2AB64-DC43-4CFF-B31E-254FE7D12505}"
EndProject
Global
	GlobalSection(SolutionConfigurationPlatforms) = preSolution
		Debug|Any CPU = Debug|Any CPU
		Release|Any CPU = Release|Any CPU
	EndGlobalSection
	GlobalSection(ProjectConfigurationPlatforms) = postSolution
		{B8F2AB64-DC43-4CFF-B31E-254FE7D12505}.Debug|Any CPU.ActiveCfg = Debug|Any CPU
		{B8F2AB64-DC43-4CFF-B31E-254FE7D12505}.Debug|Any CPU.Build.0 = Debug|Any CPU
		{B8F2AB64-DC43-4CFF-B31E-254FE7D12505}.Release|Any CPU.ActiveCfg = Release|Any CPU
		{B8F2AB64-DC43-4CFF-B31E-254FE7D12505}.Release|Any CPU.Build.0 = Release|Any CPU
	EndGlobalSection
	GlobalSection(SolutionProperties) = preSolution
		HideSolutionNode = FALSE
	EndGlobalSection
	GlobalSection(ExtensibilityGlobals) = postSolution
		SolutionGuid = {D4187DF4-5C77-4D7B-8008-9F9E5101A845}
	EndGlobalSection
EndGlobal
