
Microsoft Visual Studio Solution File, Format Version 12.00
# Visual Studio Version 17
VisualStudioVersion = 17.2.32526.322
MinimumVisualStudioVersion = 10.0.40219.1
Project("{FAE04EC0-301F-11D3-BF4B-00C04F79EFBC}") = "TrafficLights", "TrafficLights\TrafficLights.csproj", "{FB524EFB-CBC8-469E-975A-9E78A9C001CC}"
EndProject
Global
	GlobalSection(SolutionConfigurationPlatforms) = preSolution
		Debug|Any CPU = Debug|Any CPU
		Release|Any CPU = Release|Any CPU
	EndGlobalSection
	GlobalSection(ProjectConfigurationPlatforms) = postSolution
		{FB524EFB-CBC8-469E-975A-9E78A9C001CC}.Debug|Any CPU.ActiveCfg = Debug|Any CPU
		{FB524EFB-CBC8-469E-975A-9E78A9C001CC}.Debug|Any CPU.Build.0 = Debug|Any CPU
		{FB524EFB-CBC8-469E-975A-9E78A9C001CC}.Release|Any CPU.ActiveCfg = Release|Any CPU
		{FB524EFB-CBC8-469E-975A-9E78A9C001CC}.Release|Any CPU.Build.0 = Release|Any CPU
	EndGlobalSection
	GlobalSection(SolutionProperties) = preSolution
		HideSolutionNode = FALSE
	EndGlobalSection
	GlobalSection(ExtensibilityGlobals) = postSolution
		SolutionGuid = {B7F2CE96-F404-4272-AA3E-BDD459504690}
	EndGlobalSection
EndGlobal
