
Microsoft Visual Studio Solution File, Format Version 12.00
# Visual Studio Version 17
VisualStudioVersion = 17.2.32526.322
MinimumVisualStudioVersion = 10.0.40219.1
Project("{FAE04EC0-301F-11D3-BF4B-00C04F79EFBC}") = "MultplesOf3And5", "MultplesOf3And5\MultplesOf3And5.csproj", "{2C53ABE1-1785-46CC-8935-9A6F9366D8B2}"
EndProject
Global
	GlobalSection(SolutionConfigurationPlatforms) = preSolution
		Debug|Any CPU = Debug|Any CPU
		Release|Any CPU = Release|Any CPU
	EndGlobalSection
	GlobalSection(ProjectConfigurationPlatforms) = postSolution
		{2C53ABE1-1785-46CC-8935-9A6F9366D8B2}.Debug|Any CPU.ActiveCfg = Debug|Any CPU
		{2C53ABE1-1785-46CC-8935-9A6F9366D8B2}.Debug|Any CPU.Build.0 = Debug|Any CPU
		{2C53ABE1-1785-46CC-8935-9A6F9366D8B2}.Release|Any CPU.ActiveCfg = Release|Any CPU
		{2C53ABE1-1785-46CC-8935-9A6F9366D8B2}.Release|Any CPU.Build.0 = Release|Any CPU
	EndGlobalSection
	GlobalSection(SolutionProperties) = preSolution
		HideSolutionNode = FALSE
	EndGlobalSection
	GlobalSection(ExtensibilityGlobals) = postSolution
		SolutionGuid = {C8DC114F-CFF7-4935-AEE4-E67596AE82A5}
	EndGlobalSection
EndGlobal
