
Microsoft Visual Studio Solution File, Format Version 12.00
# Visual Studio Version 17
VisualStudioVersion = 17.2.32526.322
MinimumVisualStudioVersion = 10.0.40219.1
Project("{FAE04EC0-301F-11D3-BF4B-00C04F79EFBC}") = "IfElseTernaryPractice", "IfElseTernaryPractice\IfElseTernaryPractice.csproj", "{50FEBBB6-BF2C-4A0C-9B36-40AAECD841FB}"
EndProject
Global
	GlobalSection(SolutionConfigurationPlatforms) = preSolution
		Debug|Any CPU = Debug|Any CPU
		Release|Any CPU = Release|Any CPU
	EndGlobalSection
	GlobalSection(ProjectConfigurationPlatforms) = postSolution
		{50FEBBB6-BF2C-4A0C-9B36-40AAECD841FB}.Debug|Any CPU.ActiveCfg = Debug|Any CPU
		{50FEBBB6-BF2C-4A0C-9B36-40AAECD841FB}.Debug|Any CPU.Build.0 = Debug|Any CPU
		{50FEBBB6-BF2C-4A0C-9B36-40AAECD841FB}.Release|Any CPU.ActiveCfg = Release|Any CPU
		{50FEBBB6-BF2C-4A0C-9B36-40AAECD841FB}.Release|Any CPU.Build.0 = Release|Any CPU
	EndGlobalSection
	GlobalSection(SolutionProperties) = preSolution
		HideSolutionNode = FALSE
	EndGlobalSection
	GlobalSection(ExtensibilityGlobals) = postSolution
		SolutionGuid = {17510EEF-6E8F-4706-92B3-A36E0D01BCE1}
	EndGlobalSection
EndGlobal
