
Microsoft Visual Studio Solution File, Format Version 12.00
# Visual Studio Version 17
VisualStudioVersion = 17.2.32526.322
MinimumVisualStudioVersion = 10.0.40219.1
Project("{FAE04EC0-301F-11D3-BF4B-00C04F79EFBC}") = "NumberOfDecimalDigits", "NumberOfDecimalDigits\NumberOfDecimalDigits.csproj", "{3B9B2173-66A2-473B-BD77-F54F23B5A65B}"
EndProject
Global
	GlobalSection(SolutionConfigurationPlatforms) = preSolution
		Debug|Any CPU = Debug|Any CPU
		Release|Any CPU = Release|Any CPU
	EndGlobalSection
	GlobalSection(ProjectConfigurationPlatforms) = postSolution
		{3B9B2173-66A2-473B-BD77-F54F23B5A65B}.Debug|Any CPU.ActiveCfg = Debug|Any CPU
		{3B9B2173-66A2-473B-BD77-F54F23B5A65B}.Debug|Any CPU.Build.0 = Debug|Any CPU
		{3B9B2173-66A2-473B-BD77-F54F23B5A65B}.Release|Any CPU.ActiveCfg = Release|Any CPU
		{3B9B2173-66A2-473B-BD77-F54F23B5A65B}.Release|Any CPU.Build.0 = Release|Any CPU
	EndGlobalSection
	GlobalSection(SolutionProperties) = preSolution
		HideSolutionNode = FALSE
	EndGlobalSection
	GlobalSection(ExtensibilityGlobals) = postSolution
		SolutionGuid = {E86D3E6E-1028-48B2-8180-FCE521C8750F}
	EndGlobalSection
EndGlobal
